// !$*UTF8*$!
{
	archiveVersion = 1;
	classes = {
	};
	objectVersion = 46;
	objects = {

/* Begin PBXBuildFile section */
		327906AE1DC49838009232FC /* AppDelegate.swift in Sources */ = {isa = PBXBuildFile; fileRef = 327906AD1DC49838009232FC /* AppDelegate.swift */; };
		327906B01DC49838009232FC /* ViewController.swift in Sources */ = {isa = PBXBuildFile; fileRef = 327906AF1DC49838009232FC /* ViewController.swift */; };
		327906B31DC49838009232FC /* Main.storyboard in Resources */ = {isa = PBXBuildFile; fileRef = 327906B11DC49838009232FC /* Main.storyboard */; };
		327906B51DC49838009232FC /* Assets.xcassets in Resources */ = {isa = PBXBuildFile; fileRef = 327906B41DC49838009232FC /* Assets.xcassets */; };
		327906B81DC49838009232FC /* LaunchScreen.storyboard in Resources */ = {isa = PBXBuildFile; fileRef = 327906B61DC49838009232FC /* LaunchScreen.storyboard */; };
/* End PBXBuildFile section */

/* Begin PBXFileReference section */
		327906AA1DC49838009232FC /* memo1.app */ = {isa = PBXFileReference; explicitFileType = wrapper.application; includeInIndex = 0; path = memo1.app; sourceTree = BUILT_PRODUCTS_DIR; };
		327906AD1DC49838009232FC /* AppDelegate.swift */ = {isa = PBXFileReference; lastKnownFileType = sourcecode.swift; path = AppDelegate.swift; sourceTree = "<group>"; };
		327906AF1DC49838009232FC /* ViewController.swift */ = {isa = PBXFileReference; lastKnownFileType = sourcecode.swift; path = ViewController.swift; sourceTree = "<group>"; };
		327906B21DC49838009232FC /* Base */ = {isa = PBXFileReference; lastKnownFileType = file.storyboard; name = Base; path = Base.lproj/Main.storyboard; sourceTree = "<group>"; };
		327906B41DC49838009232FC /* Assets.xcassets */ = {isa = PBXFileReference; lastKnownFileType = folder.assetcatalog; path = Assets.xcassets; sourceTree = "<group>"; };
		327906B71DC49838009232FC /* Base */ = {isa = PBXFileReference; lastKnownFileType = file.storyboard; name = Base; path = Base.lproj/LaunchScreen.storyboard; sourceTree = "<group>"; };
		327906B91DC49838009232FC /* Info.plist */ = {isa = PBXFileReference; lastKnownFileType = text.plist.xml; path = Info.plist; sourceTree = "<group>"; };
/* End PBXFileReference section */

/* Begin PBXFrameworksBuildPhase section */
		327906A71DC49838009232FC /* Frameworks */ = {
			isa = PBXFrameworksBuildPhase;
			buildActionMask = 2147483647;
			files = (
			);
			runOnlyForDeploymentPostprocessing = 0;
		};
/* End PBXFrameworksBuildPhase section */

/* Begin PBXGroup section */
		327906A11DC49838009232FC = {
			isa = PBXGroup;
			children = (
				327906AC1DC49838009232FC /* memo1 */,
				327906AB1DC49838009232FC /* Products */,
			);
			sourceTree = "<group>";
		};
		327906AB1DC49838009232FC /* Products */ = {
			isa = PBXGroup;
			children = (
				327906AA1DC49838009232FC /* memo1.app */,
			);
			name = Products;
			sourceTree = "<group>";
		};
		327906AC1DC49838009232FC /* memo1 */ = {
			isa = PBXGroup;
			children = (
				327906AD1DC49838009232FC /* AppDelegate.swift */,
				327906AF1DC49838009232FC /* ViewController.swift */,
				327906B11DC49838009232FC /* Main.storyboard */,
				327906B41DC49838009232FC /* Assets.xcassets */,
				327906B61DC49838009232FC /* LaunchScreen.storyboard */,
				327906B91DC49838009232FC /* Info.plist */,
			);
			path = memo1;
			sourceTree = "<group>";
		};
/* End PBXGroup section */

/* Begin PBXNativeTarget section */
		327906A91DC49838009232FC /* memo1 */ = {
			isa = PBXNativeTarget;
			buildConfigurationList = 327906BC1DC49838009232FC /* Build configuration list for PBXNativeTarget "memo1" */;
			buildPhases = (
				327906A61DC49838009232FC /* Sources */,
				327906A71DC49838009232FC /* Frameworks */,
				327906A81DC49838009232FC /* Resources */,
			);
			buildRules = (
			);
			dependencies = (
			);
			name = memo1;
			productName = memo1;
			productReference = 327906AA1DC49838009232FC /* memo1.app */;
			productType = "com.apple.product-type.application";
		};
/* End PBXNativeTarget section */

/* Begin PBXProject section */
		327906A21DC49838009232FC /* Project object */ = {
			isa = PBXProject;
			attributes = {
				LastSwiftUpdateCheck = 0800;
				LastUpgradeCheck = 0800;
				ORGANIZATIONNAME = "nonwall-hachimantai";
				TargetAttributes = {
					327906A91DC49838009232FC = {
						CreatedOnToolsVersion = 8.0;
						DevelopmentTeam = C9663T3A6S;
						ProvisioningStyle = Automatic;
					};
				};
			};
			buildConfigurationList = 327906A51DC49838009232FC /* Build configuration list for PBXProject "memo1" */;
			compatibilityVersion = "Xcode 3.2";
			developmentRegion = English;
			hasScannedForEncodings = 0;
			knownRegions = (
				en,
				Base,
			);
			mainGroup = 327906A11DC49838009232FC;
			productRefGroup = 327906AB1DC49838009232FC /* Products */;
			projectDirPath = "";
			projectRoot = "";
			targets = (
				327906A91DC49838009232FC /* memo1 */,
			);
		};
/* End PBXProject section */

/* Begin PBXResourcesBuildPhase section */
		327906A81DC49838009232FC /* Resources */ = {
			isa = PBXResourcesBuildPhase;
			buildActionMask = 2147483647;
			files = (
				327906B81DC49838009232FC /* LaunchScreen.storyboard in Resources */,
				327906B51DC49838009232FC /* Assets.xcassets in Resources */,
				327906B31DC49838009232FC /* Main.storyboard in Resources */,
			);
			runOnlyForDeploymentPostprocessing = 0;
		};
/* End PBXResourcesBuildPhase section */

/* Begin PBXSourcesBuildPhase section */
		327906A61DC49838009232FC /* Sources */ = {
			isa = PBXSourcesBuildPhase;
			buildActionMask = 2147483647;
			files = (
				327906B01DC49838009232FC /* ViewController.swift in Sources */,
				327906AE1DC49838009232FC /* AppDelegate.swift in Sources */,
			);
			runOnlyForDeploymentPostprocessing = 0;
		};
/* End PBXSourcesBuildPhase section */

/* Begin PBXVariantGroup section */
		327906B11DC49838009232FC /* Main.storyboard */ = {
			isa = PBXVariantGroup;
			children = (
				327906B21DC49838009232FC /* Base */,
			);
			name = Main.storyboard;
			sourceTree = "<group>";
		};
		327906B61DC49838009232FC /* LaunchScreen.storyboard */ = {
			isa = PBXVariantGroup;
			children = (
				327906B71DC49838009232FC /* Base */,
			);
			name = LaunchScreen.storyboard;
			sourceTree = "<group>";
		};
/* End PBXVariantGroup section */

/* Begin XCBuildConfiguration section */
		327906BA1DC49838009232FC /* Debug */ = {
			isa = XCBuildConfiguration;
			buildSettings = {
				ALWAYS_SEARCH_USER_PATHS = NO;
				CLANG_ANALYZER_NONNULL = YES;
				CLANG_CXX_LANGUAGE_STANDARD = "gnu++0x";
				CLANG_CXX_LIBRARY = "libc++";
				CLANG_ENABLE_MODULES = YES;
				CLANG_ENABLE_OBJC_ARC = YES;
				CLANG_WARN_BOOL_CONVERSION = YES;
				CLANG_WARN_CONSTANT_CONVERSION = YES;
				CLANG_WARN_DIRECT_OBJC_ISA_USAGE = YES_ERROR;
				CLANG_WARN_DOCUMENTATION_COMMENTS = YES;
				CLANG_WARN_EMPTY_BODY = YES;
				CLANG_WARN_ENUM_CONVERSION = YES;
				CLANG_WARN_INFINITE_RECURSION = YES;
				CLANG_WARN_INT_CONVERSION = YES;
				CLANG_WARN_OBJC_ROOT_CLASS = YES_ERROR;
				CLANG_WARN_SUSPICIOUS_MOVES = YES;
				CLANG_WARN_UNREACHABLE_CODE = YES;
				CLANG_WARN__DUPLICATE_METHOD_MATCH = YES;
				"CODE_SIGN_IDENTITY[sdk=iphoneos*]" = "iPhone Developer";
				COPY_PHASE_STRIP = NO;
				DEBUG_INFORMATION_FORMAT = dwarf;
				ENABLE_STRICT_OBJC_MSGSEND = YES;
				ENABLE_TESTABILITY = YES;
				GCC_C_LANGUAGE_STANDARD = gnu99;
				GCC_DYNAMIC_NO_PIC = NO;
				GCC_NO_COMMON_BLOCKS = YES;
				GCC_OPTIMIZATION_LEVEL = 0;
				GCC_PREPROCESSOR_DEFINITIONS = (
					"DEBUG=1",
					"$(inherited)",
				);
				GCC_WARN_64_TO_32_BIT_CONVERSION = YES;
				GCC_WARN_ABOUT_RETURN_TYPE = YES_ERROR;
				GCC_WARN_UNDECLARED_SELECTOR = YES;
				GCC_WARN_UNINITIALIZED_AUTOS = YES_AGGRESSIVE;
				GCC_WARN_UNUSED_FUNCTION = YES;
				GCC_WARN_UNUSED_VARIABLE = YES;
				IPHONEOS_DEPLOYMENT_TARGET = 10.0;
				MTL_ENABLE_DEBUG_INFO = YES;
				ONLY_ACTIVE_ARCH = YES;
				SDKROOT = iphoneos;
				SWIFT_ACTIVE_COMPILATION_CONDITIONS = DEBUG;
				SWIFT_OPTIMIZATION_LEVEL = "-Onone";
			};
			name = Debug;
		};
		327906BB1DC49838009232FC /* Release */ = {
			isa = XCBuildConfiguration;
			buildSettings = {
				ALWAYS_SEARCH_USER_PATHS = NO;
				CLANG_ANALYZER_NONNULL = YES;
				CLANG_CXX_LANGUAGE_STANDARD = "gnu++0x";
				CLANG_CXX_LIBRARY = "libc++";
				CLANG_ENABLE_MODULES = YES;
				CLANG_ENABLE_OBJC_ARC = YES;
				CLANG_WARN_BOOL_CONVERSION = YES;
				CLANG_WARN_CONSTANT_CONVERSION = YES;
				CLANG_WARN_DIRECT_OBJC_ISA_USAGE = YES_ERROR;
				CLANG_WARN_DOCUMENTATION_COMMENTS = YES;
				CLANG_WARN_EMPTY_BODY = YES;
				CLANG_WARN_ENUM_CONVERSION = YES;
				CLANG_WARN_INFINITE_RECURSION = YES;
				CLANG_WARN_INT_CONVERSION = YES;
				CLANG_WARN_OBJC_ROOT_CLASS = YES_ERROR;
				CLANG_WARN_SUSPICIOUS_MOVES = YES;
				CLANG_WARN_UNREACHABLE_CODE = YES;
				CLANG_WARN__DUPLICATE_METHOD_MATCH = YES;
				"CODE_SIGN_IDENTITY[sdk=iphoneos*]" = "iPhone Developer";
				COPY_PHASE_STRIP = NO;
				DEBUG_INFORMATION_FORMAT = "dwarf-with-dsym";
				ENABLE_NS_ASSERTIONS = NO;
				ENABLE_STRICT_OBJC_MSGSEND = YES;
				GCC_C_LANGUAGE_STANDARD = gnu99;
				GCC_NO_COMMON_BLOCKS = YES;
				GCC_WARN_64_TO_32_BIT_CONVERSION = YES;
				GCC_WARN_ABOUT_RETURN_TYPE = YES_ERROR;
				GCC_WARN_UNDECLARED_SELECTOR = YES;
				GCC_WARN_UNINITIALIZED_AUTOS = YES_AGGRESSIVE;
				GCC_WARN_UNUSED_FUNCTION = YES;
				GCC_WARN_UNUSED_VARIABLE = YES;
				IPHONEOS_DEPLOYMENT_TARGET = 10.0;
				MTL_ENABLE_DEBUG_INFO = NO;
				SDKROOT = iphoneos;
				SWIFT_OPTIMIZATION_LEVEL = "-Owholemodule";
				VALIDATE_PRODUCT = YES;
			};
			name = Release;
		};
		327906BD1DC49838009232FC /* Debug */ = {
			isa = XCBuildConfiguration;
			buildSettings = {
				ASSETCATALOG_COMPILER_APPICON_NAME = AppIcon;
				DEVELOPMENT_TEAM = C9663T3A6S;
				INFOPLIST_FILE = memo1/Info.plist;
				LD_RUNPATH_SEARCH_PATHS = "$(inherited) @executable_path/Frameworks";
				PRODUCT_BUNDLE_IDENTIFIER = nowall.memo1;
				PRODUCT_NAME = "$(TARGET_NAME)";
				SWIFT_VERSION = 3.0;
			};
			name = Debug;
		};
		327906BE1DC49838009232FC /* Release */ = {
			isa = XCBuildConfiguration;
			buildSettings = {
				ASSETCATALOG_COMPILER_APPICON_NAME = AppIcon;
				DEVELOPMENT_TEAM = C9663T3A6S;
				INFOPLIST_FILE = memo1/Info.plist;
				LD_RUNPATH_SEARCH_PATHS = "$(inherited) @executable_path/Frameworks";
				PRODUCT_BUNDLE_IDENTIFIER = nowall.memo1;
				PRODUCT_NAME = "$(TARGET_NAME)";
				SWIFT_VERSION = 3.0;
			};
			name = Release;
		};
/* End XCBuildConfiguration section */

/* Begin XCConfigurationList section */
		327906A51DC49838009232FC /* Build configuration list for PBXProject "memo1" */ = {
			isa = XCConfigurationList;
			buildConfigurations = (
				327906BA1DC49838009232FC /* Debug */,
				327906BB1DC49838009232FC /* Release */,
			);
			defaultConfigurationIsVisible = 0;
			defaultConfigurationName = Release;
		};
		327906BC1DC49838009232FC /* Build configuration list for PBXNativeTarget "memo1" */ = {
			isa = XCConfigurationList;
			buildConfigurations = (
				327906BD1DC49838009232FC /* Debug */,
				327906BE1DC49838009232FC /* Release */,
			);
			defaultConfigurationIsVisible = 0;
		};
/* End XCConfigurationList section */
	};
	rootObject = 327906A21DC49838009232FC /* Project object */;
}
